
Microsoft Visual Studio Solution File, Format Version 12.00
# Visual Studio Version 17
VisualStudioVersion = 17.10.35122.118
MinimumVisualStudioVersion = 10.0.40219.1
Project("{FAE04EC0-301F-11D3-BF4B-00C04F79EFBC}") = "NaturalLanguageProcessingQnA", "NaturalLanguageProcessingQnA\NaturalLanguageProcessingQnA.csproj", "{AA9469B8-A36C-495F-80F2-3F52DF4EE43C}"
EndProject
Global
	GlobalSection(SolutionConfigurationPlatforms) = preSolution
		Debug|Any CPU = Debug|Any CPU
		Release|Any CPU = Release|Any CPU
	EndGlobalSection
	GlobalSection(ProjectConfigurationPlatforms) = postSolution
		{AA9469B8-A36C-495F-80F2-3F52DF4EE43C}.Debug|Any CPU.ActiveCfg = Debug|Any CPU
		{AA9469B8-A36C-495F-80F2-3F52DF4EE43C}.Debug|Any CPU.Build.0 = Debug|Any CPU
		{AA9469B8-A36C-495F-80F2-3F52DF4EE43C}.Release|Any CPU.ActiveCfg = Release|Any CPU
		{AA9469B8-A36C-495F-80F2-3F52DF4EE43C}.Release|Any CPU.Build.0 = Release|Any CPU
	EndGlobalSection
	GlobalSection(SolutionProperties) = preSolution
		HideSolutionNode = FALSE
	EndGlobalSection
	GlobalSection(ExtensibilityGlobals) = postSolution
		SolutionGuid = {7138207F-D016-466B-BB81-708C831F7ED9}
	EndGlobalSection
EndGlobal
